{
  "version": 4,
  "terraform_version": "1.0.0",
  "serial": 19,
  "lineage": "78afd919-b85b-e542-a3c6-91e300b40cd9",
  "outputs": {},
  "resources": [
    {
      "mode": "managed",
      "type": "libvirt_domain",
      "name": "kube_vm",
      "provider": "provider[\"registry.terraform.io/dmacvicar/libvirt\"]",
      "instances": [
        {
          "schema_version": 0,
          "attributes": {
            "arch": "x86_64",
            "autostart": null,
            "boot_device": [],
            "cloudinit": null,
            "cmdline": [],
            "console": [
              {
                "source_host": "127.0.0.1",
                "source_path": "",
                "source_service": "0",
                "target_port": "0",
                "target_type": "serial",
                "type": "pty"
              },
              {
                "source_host": "127.0.0.1",
                "source_path": "",
                "source_service": "0",
                "target_port": "1",
                "target_type": "virtio",
                "type": "pty"
              }
            ],
            "coreos_ignition": null,
            "cpu": [],
            "description": "",
            "disk": [
              {
                "block_device": "",
                "file": "",
                "scsi": false,
                "url": "",
                "volume_id": "/home/slimbook/kube_pool/kube-disk.qcow2",
                "wwn": ""
              }
            ],
            "emulator": "/usr/bin/qemu-system-x86_64",
            "filesystem": [],
            "firmware": "",
            "fw_cfg_name": "opt/com.coreos/config",
            "graphics": [
              {
                "autoport": true,
                "listen_address": "127.0.0.1",
                "listen_type": "address",
                "type": "vnc"
              }
            ],
            "id": "908e41e1-c051-4469-98f7-29ad96ff880b",
            "initrd": "",
            "kernel": "",
            "machine": "ubuntu",
            "memory": 2048,
            "metadata": null,
            "name": "kube-vm-0",
            "network_interface": [
              {
                "addresses": [],
                "bridge": "",
                "hostname": "",
                "mac": "52:54:00:16:FC:0D",
                "macvtap": "",
                "network_id": "",
                "network_name": "default",
                "passthrough": "",
                "vepa": "",
                "wait_for_lease": false
              }
            ],
            "nvram": [],
            "qemu_agent": false,
            "running": true,
            "timeouts": null,
            "vcpu": 1,
            "video": [],
            "xml": []
          },
          "sensitive_attributes": [],
          "private": "eyJlMmJmYjczMC1lY2FhLTExZTYtOGY4OC0zNDM2M2JjN2M0YzAiOnsiY3JlYXRlIjozMDAwMDAwMDAwMDB9fQ==",
          "dependencies": [
            "libvirt_network.default",
            "libvirt_pool.kube_pool",
            "libvirt_volume.kube_disk",
            "libvirt_volume.os_image"
          ]
        }
      ]
    },
    {
      "mode": "managed",
      "type": "libvirt_network",
      "name": "default",
      "provider": "provider[\"registry.terraform.io/dmacvicar/libvirt\"]",
      "instances": [
        {
          "schema_version": 0,
          "attributes": {
            "addresses": null,
            "autostart": null,
            "bridge": "bridge0",
            "dhcp": [
              {
                "enabled": true
              }
            ],
            "dns": [
              {
                "enabled": true,
                "forwarders": [],
                "hosts": [
                  {
                    "hostname": "gateway-1",
                    "ip": "192.168.0.1"
                  }
                ],
                "local_only": true,
                "srvs": []
              }
            ],
            "dnsmasq_options": [],
            "domain": null,
            "id": "b39762c6-1e9a-44d1-84ce-41315b9b5366",
            "mode": "bridge",
            "mtu": null,
            "name": "default",
            "routes": [],
            "xml": []
          },
          "sensitive_attributes": [],
          "private": "bnVsbA=="
        }
      ]
    },
    {
      "mode": "managed",
      "type": "libvirt_pool",
      "name": "kube_pool",
      "provider": "provider[\"registry.terraform.io/dmacvicar/libvirt\"]",
      "instances": [
        {
          "schema_version": 0,
          "attributes": {
            "allocation": 10881667072,
            "available": null,
            "capacity": 250438021120,
            "id": "89782694-2267-444d-8a63-ac9679408853",
            "name": "kube_pool",
            "path": "/home/slimbook/kube_pool",
            "type": "dir",
            "xml": []
          },
          "sensitive_attributes": [],
          "private": "bnVsbA=="
        }
      ]
    },
    {
      "mode": "managed",
      "type": "libvirt_volume",
      "name": "kube_disk",
      "provider": "provider[\"registry.terraform.io/dmacvicar/libvirt\"]",
      "instances": [
        {
          "schema_version": 0,
          "attributes": {
            "base_volume_id": "/home/slimbook/kube_pool/ubuntu-hirsute.qcow2",
            "base_volume_name": null,
            "base_volume_pool": null,
            "format": "qcow2",
            "id": "/home/slimbook/kube_pool/kube-disk.qcow2",
            "name": "kube-disk.qcow2",
            "pool": "kube_pool",
            "size": 10000000000,
            "source": null,
            "xml": []
          },
          "sensitive_attributes": [],
          "private": "bnVsbA==",
          "dependencies": [
            "libvirt_pool.kube_pool",
            "libvirt_volume.os_image"
          ]
        }
      ]
    },
    {
      "mode": "managed",
      "type": "libvirt_volume",
      "name": "os_image",
      "provider": "provider[\"registry.terraform.io/dmacvicar/libvirt\"]",
      "instances": [
        {
          "schema_version": 0,
          "attributes": {
            "base_volume_id": null,
            "base_volume_name": null,
            "base_volume_pool": null,
            "format": "qcow2",
            "id": "/home/slimbook/kube_pool/ubuntu-hirsute.qcow2",
            "name": "ubuntu-hirsute.qcow2",
            "pool": "kube_pool",
            "size": 2361393152,
            "source": "https://cloud-images.ubuntu.com/releases/hirsute/release/ubuntu-21.04-server-cloudimg-amd64.img",
            "xml": []
          },
          "sensitive_attributes": [],
          "private": "bnVsbA==",
          "dependencies": [
            "libvirt_pool.kube_pool"
          ]
        }
      ]
    }
  ]
}
