{
  "version": 4,
  "terraform_version": "1.0.0",
  "serial": 87,
  "lineage": "78afd919-b85b-e542-a3c6-91e300b40cd9",
  "outputs": {
    "instances": {
      "value": {
        "kube-master-0": {
          "memory": 1024,
          "vcpu": 1
        },
        "kube-worker-0": {
          "memory": 2048,
          "vcpu": 1
        }
      },
      "type": [
        "object",
        {
          "kube-master-0": [
            "object",
            {
              "memory": "number",
              "vcpu": "number"
            }
          ],
          "kube-worker-0": [
            "object",
            {
              "memory": "number",
              "vcpu": "number"
            }
          ]
        }
      ]
    }
  },
  "resources": [
    {
      "mode": "data",
      "type": "template_file",
      "name": "user_data",
      "provider": "provider[\"registry.terraform.io/hashicorp/template\"]",
      "instances": [
        {
          "schema_version": 0,
          "attributes": {
            "filename": null,
            "id": "20429bf87fa6eb2e62e8bc1cd174f7a6f97bdd9213b870ffd545566e5df86d60",
            "rendered": "# Cloud Init: User Data\n# Examples: https://cloudinit.readthedocs.io/en/latest/topics/examples.html\n\n# Change default passwords\n# Ref: https://cloudinit.readthedocs.io/en/latest/topics/modules.html#set-passwords\nssh_pwauth: True\nchpasswd:\n  expire: False\n  list: |\n     ubuntu:linux\n",
            "template": "# Cloud Init: User Data\n# Examples: https://cloudinit.readthedocs.io/en/latest/topics/examples.html\n\n# Change default passwords\n# Ref: https://cloudinit.readthedocs.io/en/latest/topics/modules.html#set-passwords\nssh_pwauth: True\nchpasswd:\n  expire: False\n  list: |\n     ubuntu:linux\n",
            "vars": null
          },
          "sensitive_attributes": []
        }
      ]
    },
    {
      "mode": "managed",
      "type": "libvirt_cloudinit_disk",
      "name": "commoninit",
      "provider": "provider[\"registry.terraform.io/dmacvicar/libvirt\"]",
      "instances": [
        {
          "schema_version": 0,
          "attributes": {
            "id": "/home/slimbook/kube_pool/commoninit.iso;a3444730-a9c6-4654-b6b5-41921cfd39b3",
            "meta_data": "",
            "name": "commoninit.iso",
            "network_config": "",
            "pool": "kube_pool",
            "user_data": "# Cloud Init: User Data\n# Examples: https://cloudinit.readthedocs.io/en/latest/topics/examples.html\n\n# Change default passwords\n# Ref: https://cloudinit.readthedocs.io/en/latest/topics/modules.html#set-passwords\nssh_pwauth: True\nchpasswd:\n  expire: False\n  list: |\n     ubuntu:linux\n"
          },
          "sensitive_attributes": [],
          "private": "bnVsbA==",
          "dependencies": [
            "data.template_file.user_data",
            "libvirt_pool.kube_pool"
          ]
        }
      ]
    },
    {
      "mode": "managed",
      "type": "libvirt_domain",
      "name": "kube_vm",
      "provider": "provider[\"registry.terraform.io/dmacvicar/libvirt\"]",
      "instances": [
        {
          "index_key": "kube-master-0",
          "schema_version": 0,
          "attributes": {
            "arch": "x86_64",
            "autostart": null,
            "boot_device": [],
            "cloudinit": "/home/slimbook/kube_pool/commoninit.iso;a3444730-a9c6-4654-b6b5-41921cfd39b3",
            "cmdline": null,
            "console": [
              {
                "source_host": "127.0.0.1",
                "source_path": "",
                "source_service": "0",
                "target_port": "0",
                "target_type": "serial",
                "type": "pty"
              },
              {
                "source_host": "127.0.0.1",
                "source_path": "",
                "source_service": "0",
                "target_port": "1",
                "target_type": "virtio",
                "type": "pty"
              }
            ],
            "coreos_ignition": null,
            "cpu": [],
            "description": "",
            "disk": [
              {
                "block_device": "",
                "file": "",
                "scsi": false,
                "url": "",
                "volume_id": "/home/slimbook/kube_pool/kube-master-0.qcow2",
                "wwn": ""
              }
            ],
            "emulator": "/usr/bin/qemu-system-x86_64",
            "filesystem": [],
            "firmware": "",
            "fw_cfg_name": "opt/com.coreos/config",
            "graphics": [
              {
                "autoport": true,
                "listen_address": "127.0.0.1",
                "listen_type": "address",
                "type": "vnc"
              }
            ],
            "id": "a4acda69-9d61-47f6-9449-9e18b10abfd8",
            "initrd": "",
            "kernel": "",
            "machine": "ubuntu",
            "memory": 1024,
            "metadata": null,
            "name": "kube-master-0",
            "network_interface": [
              {
                "addresses": [],
                "bridge": "bridge0",
                "hostname": "",
                "mac": "52:54:00:26:83:37",
                "macvtap": "",
                "network_id": "",
                "network_name": "",
                "passthrough": "",
                "vepa": "",
                "wait_for_lease": false
              }
            ],
            "nvram": [],
            "qemu_agent": false,
            "running": true,
            "timeouts": null,
            "vcpu": 1,
            "video": [],
            "xml": []
          },
          "sensitive_attributes": [],
          "private": "eyJlMmJmYjczMC1lY2FhLTExZTYtOGY4OC0zNDM2M2JjN2M0YzAiOnsiY3JlYXRlIjozMDAwMDAwMDAwMDB9fQ==",
          "dependencies": [
            "data.template_file.user_data",
            "libvirt_cloudinit_disk.commoninit",
            "libvirt_network.default",
            "libvirt_pool.kube_pool",
            "libvirt_volume.kube_disk",
            "libvirt_volume.os_image"
          ]
        },
        {
          "index_key": "kube-worker-0",
          "schema_version": 0,
          "attributes": {
            "arch": "x86_64",
            "autostart": null,
            "boot_device": [],
            "cloudinit": "/home/slimbook/kube_pool/commoninit.iso;a3444730-a9c6-4654-b6b5-41921cfd39b3",
            "cmdline": null,
            "console": [
              {
                "source_host": "127.0.0.1",
                "source_path": "",
                "source_service": "0",
                "target_port": "0",
                "target_type": "serial",
                "type": "pty"
              },
              {
                "source_host": "127.0.0.1",
                "source_path": "",
                "source_service": "0",
                "target_port": "1",
                "target_type": "virtio",
                "type": "pty"
              }
            ],
            "coreos_ignition": null,
            "cpu": [],
            "description": "",
            "disk": [
              {
                "block_device": "",
                "file": "",
                "scsi": false,
                "url": "",
                "volume_id": "/home/slimbook/kube_pool/kube-worker-0.qcow2",
                "wwn": ""
              }
            ],
            "emulator": "/usr/bin/qemu-system-x86_64",
            "filesystem": [],
            "firmware": "",
            "fw_cfg_name": "opt/com.coreos/config",
            "graphics": [
              {
                "autoport": true,
                "listen_address": "127.0.0.1",
                "listen_type": "address",
                "type": "vnc"
              }
            ],
            "id": "4d862c77-c386-4ad1-82ee-30ea0e240d15",
            "initrd": "",
            "kernel": "",
            "machine": "ubuntu",
            "memory": 2048,
            "metadata": null,
            "name": "kube-worker-0",
            "network_interface": [
              {
                "addresses": [],
                "bridge": "bridge0",
                "hostname": "",
                "mac": "52:54:00:5A:70:4C",
                "macvtap": "",
                "network_id": "",
                "network_name": "",
                "passthrough": "",
                "vepa": "",
                "wait_for_lease": false
              }
            ],
            "nvram": [],
            "qemu_agent": false,
            "running": true,
            "timeouts": null,
            "vcpu": 1,
            "video": [],
            "xml": []
          },
          "sensitive_attributes": [],
          "private": "eyJlMmJmYjczMC1lY2FhLTExZTYtOGY4OC0zNDM2M2JjN2M0YzAiOnsiY3JlYXRlIjozMDAwMDAwMDAwMDB9fQ==",
          "dependencies": [
            "data.template_file.user_data",
            "libvirt_cloudinit_disk.commoninit",
            "libvirt_network.default",
            "libvirt_pool.kube_pool",
            "libvirt_volume.kube_disk",
            "libvirt_volume.os_image"
          ]
        }
      ]
    },
    {
      "mode": "managed",
      "type": "libvirt_network",
      "name": "default",
      "provider": "provider[\"registry.terraform.io/dmacvicar/libvirt\"]",
      "instances": [
        {
          "schema_version": 0,
          "attributes": {
            "addresses": null,
            "autostart": null,
            "bridge": "bridge0",
            "dhcp": [
              {
                "enabled": true
              }
            ],
            "dns": [
              {
                "enabled": true,
                "forwarders": [],
                "hosts": [
                  {
                    "hostname": "gateway-1",
                    "ip": "192.168.0.1"
                  }
                ],
                "local_only": true,
                "srvs": []
              }
            ],
            "dnsmasq_options": [],
            "domain": null,
            "id": "811b5696-02bf-4d75-aafb-046a6e032d0a",
            "mode": "bridge",
            "mtu": null,
            "name": "default",
            "routes": [],
            "xml": []
          },
          "sensitive_attributes": [],
          "private": "bnVsbA=="
        }
      ]
    },
    {
      "mode": "managed",
      "type": "libvirt_pool",
      "name": "kube_pool",
      "provider": "provider[\"registry.terraform.io/dmacvicar/libvirt\"]",
      "instances": [
        {
          "schema_version": 0,
          "attributes": {
            "allocation": 10208776192,
            "available": null,
            "capacity": 250438021120,
            "id": "531406b7-c358-48a1-a830-4f64028f7837",
            "name": "kube_pool",
            "path": "/home/slimbook/kube_pool",
            "type": "dir",
            "xml": []
          },
          "sensitive_attributes": [],
          "private": "bnVsbA=="
        }
      ]
    },
    {
      "mode": "managed",
      "type": "libvirt_volume",
      "name": "kube_disk",
      "provider": "provider[\"registry.terraform.io/dmacvicar/libvirt\"]",
      "instances": [
        {
          "index_key": "kube-master-0",
          "schema_version": 0,
          "attributes": {
            "base_volume_id": "/home/slimbook/kube_pool/ubuntu-hirsute.qcow2",
            "base_volume_name": null,
            "base_volume_pool": null,
            "format": "qcow2",
            "id": "/home/slimbook/kube_pool/kube-master-0.qcow2",
            "name": "kube-master-0.qcow2",
            "pool": "kube_pool",
            "size": 10000000000,
            "source": null,
            "xml": []
          },
          "sensitive_attributes": [],
          "private": "bnVsbA==",
          "dependencies": [
            "libvirt_pool.kube_pool",
            "libvirt_volume.os_image"
          ]
        },
        {
          "index_key": "kube-worker-0",
          "schema_version": 0,
          "attributes": {
            "base_volume_id": "/home/slimbook/kube_pool/ubuntu-hirsute.qcow2",
            "base_volume_name": null,
            "base_volume_pool": null,
            "format": "qcow2",
            "id": "/home/slimbook/kube_pool/kube-worker-0.qcow2",
            "name": "kube-worker-0.qcow2",
            "pool": "kube_pool",
            "size": 10000000000,
            "source": null,
            "xml": []
          },
          "sensitive_attributes": [],
          "private": "bnVsbA==",
          "dependencies": [
            "libvirt_pool.kube_pool",
            "libvirt_volume.os_image"
          ]
        }
      ]
    },
    {
      "mode": "managed",
      "type": "libvirt_volume",
      "name": "os_image",
      "provider": "provider[\"registry.terraform.io/dmacvicar/libvirt\"]",
      "instances": [
        {
          "schema_version": 0,
          "attributes": {
            "base_volume_id": null,
            "base_volume_name": null,
            "base_volume_pool": null,
            "format": "qcow2",
            "id": "/home/slimbook/kube_pool/ubuntu-hirsute.qcow2",
            "name": "ubuntu-hirsute.qcow2",
            "pool": "kube_pool",
            "size": 2361393152,
            "source": "https://cloud-images.ubuntu.com/releases/hirsute/release/ubuntu-21.04-server-cloudimg-amd64.img",
            "xml": []
          },
          "sensitive_attributes": [],
          "private": "bnVsbA==",
          "dependencies": [
            "libvirt_pool.kube_pool"
          ]
        }
      ]
    }
  ]
}
