{
  "version": 4,
  "terraform_version": "1.0.0",
  "serial": 615,
  "lineage": "8d5ce0a2-4013-a96d-537c-4c35aa033cce",
  "outputs": {},
  "resources": [
    {
      "mode": "managed",
      "type": "libvirt_network",
      "name": "default",
      "provider": "provider[\"registry.terraform.io/dmacvicar/libvirt\"]",
      "instances": [
        {
          "schema_version": 0,
          "attributes": {
            "addresses": null,
            "autostart": null,
            "bridge": "bridge0",
            "dhcp": [
              {
                "enabled": true
              }
            ],
            "dns": [
              {
                "enabled": true,
                "forwarders": [],
                "hosts": [
                  {
                    "hostname": "gateway-1",
                    "ip": "192.168.0.1"
                  }
                ],
                "local_only": true,
                "srvs": []
              }
            ],
            "dnsmasq_options": [],
            "domain": null,
            "id": "fea0956c-d8cb-441c-902a-3b8ab13ebce6",
            "mode": "bridge",
            "mtu": null,
            "name": "default",
            "routes": [],
            "xml": []
          },
          "sensitive_attributes": [],
          "private": "bnVsbA=="
        }
      ]
    },
    {
      "mode": "managed",
      "type": "libvirt_pool",
      "name": "default2",
      "provider": "provider[\"registry.terraform.io/dmacvicar/libvirt\"]",
      "instances": [
        {
          "schema_version": 0,
          "attributes": {
            "allocation": 13846564864,
            "available": null,
            "capacity": 250438021120,
            "id": "f95eb672-dca8-4bc7-8f93-079c11e1390f",
            "name": "default2",
            "path": "/home/slimbook/cloud_pool",
            "type": "dir",
            "xml": []
          },
          "sensitive_attributes": [],
          "private": "bnVsbA=="
        }
      ]
    },
    {
      "mode": "managed",
      "type": "libvirt_volume",
      "name": "ubuntu",
      "provider": "provider[\"registry.terraform.io/dmacvicar/libvirt\"]",
      "instances": [
        {
          "schema_version": 0,
          "attributes": {
            "base_volume_id": null,
            "base_volume_name": null,
            "base_volume_pool": null,
            "format": "qcow2",
            "id": "/home/slimbook/cloud_pool/ubuntu",
            "name": "ubuntu",
            "pool": "default2",
            "size": 2361393152,
            "source": "https://cloud-images.ubuntu.com/releases/hirsute/release/ubuntu-21.04-server-cloudimg-amd64.img",
            "xml": []
          },
          "sensitive_attributes": [],
          "private": "bnVsbA==",
          "dependencies": [
            "libvirt_pool.default2"
          ]
        }
      ]
    }
  ]
}
