{
  "version": 4,
  "terraform_version": "1.0.0",
  "serial": 188,
  "lineage": "fa1e626e-b319-50be-b1ea-2b8cb6d0bc81",
  "outputs": {
    "instances": {
      "value": {
        "kube-master-0": {
          "address": "10.17.3.10",
          "hostname": "kube-master-0",
          "memory": 2048,
          "password": "yZQjf3XZXLsN4Oo1",
          "user": "ubuntu",
          "vcpu": 2
        },
        "kube-master-1": {
          "address": "10.17.3.11",
          "hostname": "kube-master-1",
          "memory": 2048,
          "password": "6YLfbGCQuWu6aoK7",
          "user": "ubuntu",
          "vcpu": 2
        },
        "kube-worker-0": {
          "address": "10.17.3.20",
          "hostname": "kube-worker-0",
          "memory": 2048,
          "password": "xu2o2Q8D5nQZBXA4",
          "user": "ubuntu",
          "vcpu": 2
        }
      },
      "type": [
        "object",
        {
          "kube-master-0": [
            "object",
            {
              "address": "string",
              "hostname": "string",
              "memory": "number",
              "password": "string",
              "user": "string",
              "vcpu": "number"
            }
          ],
          "kube-master-1": [
            "object",
            {
              "address": "string",
              "hostname": "string",
              "memory": "number",
              "password": "string",
              "user": "string",
              "vcpu": "number"
            }
          ],
          "kube-worker-0": [
            "object",
            {
              "address": "string",
              "hostname": "string",
              "memory": "number",
              "password": "string",
              "user": "string",
              "vcpu": "number"
            }
          ]
        }
      ],
      "sensitive": true
    }
  },
  "resources": [
    {
      "mode": "data",
      "type": "template_file",
      "name": "network_config",
      "provider": "provider[\"registry.terraform.io/hashicorp/template\"]",
      "instances": [
        {
          "schema_version": 0,
          "attributes": {
            "filename": null,
            "id": "b36a1372ce4ea68b514354202c26c0365df9a17f25cd5acdeeaea525cd913edc",
            "rendered": "version: 2\nethernets:\n  ens3:\n    dhcp4: true\n",
            "template": "version: 2\nethernets:\n  ens3:\n    dhcp4: true\n",
            "vars": null
          },
          "sensitive_attributes": []
        }
      ]
    },
    {
      "mode": "data",
      "type": "template_file",
      "name": "user_data",
      "provider": "provider[\"registry.terraform.io/hashicorp/template\"]",
      "instances": [
        {
          "index_key": "kube-master-0",
          "schema_version": 0,
          "attributes": {
            "filename": null,
            "id": "f2d6f84741c3185861b347f868c3c116ad21ebf580c4ef25578a50603eadbd82",
            "rendered": "#cloud-config\n\n# Cloud Init: User Data\n# Examples: https://cloudinit.readthedocs.io/en/latest/topics/examples.html\n\n# Passwords change\n# Ref: https://cloudinit.readthedocs.io/en/latest/topics/modules.html#set-passwords\nssh_pwauth: True\nchpasswd:\n  expire: False\n  list:\n    - ubuntu:yZQjf3XZXLsN4Oo1\n\n# Authorized public keys for SSH\n# Ref: https://cloudinit.readthedocs.io/en/latest/topics/modules.html#authorized-keys\n# ssh_authorized_keys:\n#     - ssh-ed25519 AAAAC3NzaC1lZDI1NTE5AAAAIF9syw/KxMlliElBjBDACQbaS3930wxc/Ncn90TfC8VJ achetronic@zeus\n\n# Set the hostname\nhostname: kube-master-0",
            "template": "#cloud-config\n\n# Cloud Init: User Data\n# Examples: https://cloudinit.readthedocs.io/en/latest/topics/examples.html\n\n# Passwords change\n# Ref: https://cloudinit.readthedocs.io/en/latest/topics/modules.html#set-passwords\nssh_pwauth: True\nchpasswd:\n  expire: False\n  list:\n    - ${user}:${password}\n\n# Authorized public keys for SSH\n# Ref: https://cloudinit.readthedocs.io/en/latest/topics/modules.html#authorized-keys\n# ssh_authorized_keys:\n#     - ssh-ed25519 AAAAC3NzaC1lZDI1NTE5AAAAIF9syw/KxMlliElBjBDACQbaS3930wxc/Ncn90TfC8VJ achetronic@zeus\n\n# Set the hostname\nhostname: ${hostname}",
            "vars": {
              "hostname": "kube-master-0",
              "password": "yZQjf3XZXLsN4Oo1",
              "user": "ubuntu"
            }
          },
          "sensitive_attributes": [
            [
              {
                "type": "get_attr",
                "value": "vars"
              },
              {
                "type": "index",
                "value": {
                  "value": "password",
                  "type": "string"
                }
              }
            ]
          ]
        },
        {
          "index_key": "kube-master-1",
          "schema_version": 0,
          "attributes": {
            "filename": null,
            "id": "f99d7fb158ce9fef7e8fc02cb2af401ba19f2137671c7f821c76bec71df6dc54",
            "rendered": "#cloud-config\n\n# Cloud Init: User Data\n# Examples: https://cloudinit.readthedocs.io/en/latest/topics/examples.html\n\n# Passwords change\n# Ref: https://cloudinit.readthedocs.io/en/latest/topics/modules.html#set-passwords\nssh_pwauth: True\nchpasswd:\n  expire: False\n  list:\n    - ubuntu:6YLfbGCQuWu6aoK7\n\n# Authorized public keys for SSH\n# Ref: https://cloudinit.readthedocs.io/en/latest/topics/modules.html#authorized-keys\n# ssh_authorized_keys:\n#     - ssh-ed25519 AAAAC3NzaC1lZDI1NTE5AAAAIF9syw/KxMlliElBjBDACQbaS3930wxc/Ncn90TfC8VJ achetronic@zeus\n\n# Set the hostname\nhostname: kube-master-1",
            "template": "#cloud-config\n\n# Cloud Init: User Data\n# Examples: https://cloudinit.readthedocs.io/en/latest/topics/examples.html\n\n# Passwords change\n# Ref: https://cloudinit.readthedocs.io/en/latest/topics/modules.html#set-passwords\nssh_pwauth: True\nchpasswd:\n  expire: False\n  list:\n    - ${user}:${password}\n\n# Authorized public keys for SSH\n# Ref: https://cloudinit.readthedocs.io/en/latest/topics/modules.html#authorized-keys\n# ssh_authorized_keys:\n#     - ssh-ed25519 AAAAC3NzaC1lZDI1NTE5AAAAIF9syw/KxMlliElBjBDACQbaS3930wxc/Ncn90TfC8VJ achetronic@zeus\n\n# Set the hostname\nhostname: ${hostname}",
            "vars": {
              "hostname": "kube-master-1",
              "password": "6YLfbGCQuWu6aoK7",
              "user": "ubuntu"
            }
          },
          "sensitive_attributes": [
            [
              {
                "type": "get_attr",
                "value": "vars"
              },
              {
                "type": "index",
                "value": {
                  "value": "password",
                  "type": "string"
                }
              }
            ]
          ]
        },
        {
          "index_key": "kube-worker-0",
          "schema_version": 0,
          "attributes": {
            "filename": null,
            "id": "1586c8131b58fba7b457e3c22ba344334a094cc0f318223cb6f12b5f344ffaef",
            "rendered": "#cloud-config\n\n# Cloud Init: User Data\n# Examples: https://cloudinit.readthedocs.io/en/latest/topics/examples.html\n\n# Passwords change\n# Ref: https://cloudinit.readthedocs.io/en/latest/topics/modules.html#set-passwords\nssh_pwauth: True\nchpasswd:\n  expire: False\n  list:\n    - ubuntu:xu2o2Q8D5nQZBXA4\n\n# Authorized public keys for SSH\n# Ref: https://cloudinit.readthedocs.io/en/latest/topics/modules.html#authorized-keys\n# ssh_authorized_keys:\n#     - ssh-ed25519 AAAAC3NzaC1lZDI1NTE5AAAAIF9syw/KxMlliElBjBDACQbaS3930wxc/Ncn90TfC8VJ achetronic@zeus\n\n# Set the hostname\nhostname: kube-worker-0",
            "template": "#cloud-config\n\n# Cloud Init: User Data\n# Examples: https://cloudinit.readthedocs.io/en/latest/topics/examples.html\n\n# Passwords change\n# Ref: https://cloudinit.readthedocs.io/en/latest/topics/modules.html#set-passwords\nssh_pwauth: True\nchpasswd:\n  expire: False\n  list:\n    - ${user}:${password}\n\n# Authorized public keys for SSH\n# Ref: https://cloudinit.readthedocs.io/en/latest/topics/modules.html#authorized-keys\n# ssh_authorized_keys:\n#     - ssh-ed25519 AAAAC3NzaC1lZDI1NTE5AAAAIF9syw/KxMlliElBjBDACQbaS3930wxc/Ncn90TfC8VJ achetronic@zeus\n\n# Set the hostname\nhostname: ${hostname}",
            "vars": {
              "hostname": "kube-worker-0",
              "password": "xu2o2Q8D5nQZBXA4",
              "user": "ubuntu"
            }
          },
          "sensitive_attributes": [
            [
              {
                "type": "get_attr",
                "value": "vars"
              },
              {
                "type": "index",
                "value": {
                  "value": "password",
                  "type": "string"
                }
              }
            ]
          ]
        }
      ]
    },
    {
      "mode": "managed",
      "type": "libvirt_cloudinit_disk",
      "name": "cloud_init",
      "provider": "provider[\"registry.terraform.io/dmacvicar/libvirt\"]",
      "instances": [
        {
          "index_key": "kube-master-0",
          "schema_version": 0,
          "attributes": {
            "id": "/home/slimbook/kube_pool/cloud-init-kube-master-0.iso;a49133b0-0612-4b5d-939a-a39d8a5f2528",
            "meta_data": "",
            "name": "cloud-init-kube-master-0.iso",
            "network_config": "version: 2\nethernets:\n  ens3:\n    dhcp4: true\n",
            "pool": "kube_pool",
            "user_data": "#cloud-config\n\n# Cloud Init: User Data\n# Examples: https://cloudinit.readthedocs.io/en/latest/topics/examples.html\n\n# Passwords change\n# Ref: https://cloudinit.readthedocs.io/en/latest/topics/modules.html#set-passwords\nssh_pwauth: True\nchpasswd:\n  expire: False\n  list:\n    - ubuntu:yZQjf3XZXLsN4Oo1\n\n# Authorized public keys for SSH\n# Ref: https://cloudinit.readthedocs.io/en/latest/topics/modules.html#authorized-keys\n# ssh_authorized_keys:\n#     - ssh-ed25519 AAAAC3NzaC1lZDI1NTE5AAAAIF9syw/KxMlliElBjBDACQbaS3930wxc/Ncn90TfC8VJ achetronic@zeus\n\n# Set the hostname\nhostname: kube-master-0"
          },
          "sensitive_attributes": [],
          "private": "bnVsbA==",
          "dependencies": [
            "data.template_file.network_config",
            "data.template_file.user_data",
            "libvirt_pool.kube_pool",
            "random_password.instance_password"
          ]
        },
        {
          "index_key": "kube-master-1",
          "schema_version": 0,
          "attributes": {
            "id": "/home/slimbook/kube_pool/cloud-init-kube-master-1.iso;d4c868fa-e8a7-4e74-943c-c25e22d10c40",
            "meta_data": "",
            "name": "cloud-init-kube-master-1.iso",
            "network_config": "version: 2\nethernets:\n  ens3:\n    dhcp4: true\n",
            "pool": "kube_pool",
            "user_data": "#cloud-config\n\n# Cloud Init: User Data\n# Examples: https://cloudinit.readthedocs.io/en/latest/topics/examples.html\n\n# Passwords change\n# Ref: https://cloudinit.readthedocs.io/en/latest/topics/modules.html#set-passwords\nssh_pwauth: True\nchpasswd:\n  expire: False\n  list:\n    - ubuntu:6YLfbGCQuWu6aoK7\n\n# Authorized public keys for SSH\n# Ref: https://cloudinit.readthedocs.io/en/latest/topics/modules.html#authorized-keys\n# ssh_authorized_keys:\n#     - ssh-ed25519 AAAAC3NzaC1lZDI1NTE5AAAAIF9syw/KxMlliElBjBDACQbaS3930wxc/Ncn90TfC8VJ achetronic@zeus\n\n# Set the hostname\nhostname: kube-master-1"
          },
          "sensitive_attributes": [],
          "private": "bnVsbA==",
          "dependencies": [
            "data.template_file.network_config",
            "data.template_file.user_data",
            "libvirt_pool.kube_pool",
            "random_password.instance_password"
          ]
        },
        {
          "index_key": "kube-worker-0",
          "schema_version": 0,
          "attributes": {
            "id": "/home/slimbook/kube_pool/cloud-init-kube-worker-0.iso;9eec8522-da16-446d-b1af-892c851a0853",
            "meta_data": "",
            "name": "cloud-init-kube-worker-0.iso",
            "network_config": "version: 2\nethernets:\n  ens3:\n    dhcp4: true\n",
            "pool": "kube_pool",
            "user_data": "#cloud-config\n\n# Cloud Init: User Data\n# Examples: https://cloudinit.readthedocs.io/en/latest/topics/examples.html\n\n# Passwords change\n# Ref: https://cloudinit.readthedocs.io/en/latest/topics/modules.html#set-passwords\nssh_pwauth: True\nchpasswd:\n  expire: False\n  list:\n    - ubuntu:xu2o2Q8D5nQZBXA4\n\n# Authorized public keys for SSH\n# Ref: https://cloudinit.readthedocs.io/en/latest/topics/modules.html#authorized-keys\n# ssh_authorized_keys:\n#     - ssh-ed25519 AAAAC3NzaC1lZDI1NTE5AAAAIF9syw/KxMlliElBjBDACQbaS3930wxc/Ncn90TfC8VJ achetronic@zeus\n\n# Set the hostname\nhostname: kube-worker-0"
          },
          "sensitive_attributes": [],
          "private": "bnVsbA==",
          "dependencies": [
            "data.template_file.network_config",
            "data.template_file.user_data",
            "libvirt_pool.kube_pool",
            "random_password.instance_password"
          ]
        }
      ]
    },
    {
      "mode": "managed",
      "type": "libvirt_domain",
      "name": "kube_vm",
      "provider": "provider[\"registry.terraform.io/dmacvicar/libvirt\"]",
      "instances": [
        {
          "index_key": "kube-master-0",
          "schema_version": 0,
          "attributes": {
            "arch": "x86_64",
            "autostart": true,
            "boot_device": [],
            "cloudinit": "/home/slimbook/kube_pool/cloud-init-kube-master-0.iso;a49133b0-0612-4b5d-939a-a39d8a5f2528",
            "cmdline": null,
            "console": [
              {
                "source_host": "127.0.0.1",
                "source_path": "",
                "source_service": "0",
                "target_port": "0",
                "target_type": "serial",
                "type": "pty"
              },
              {
                "source_host": "127.0.0.1",
                "source_path": "",
                "source_service": "0",
                "target_port": "1",
                "target_type": "virtio",
                "type": "pty"
              }
            ],
            "coreos_ignition": null,
            "cpu": [],
            "description": "",
            "disk": [
              {
                "block_device": "",
                "file": "",
                "scsi": false,
                "url": "",
                "volume_id": "/home/slimbook/kube_pool/kube-master-0.qcow2",
                "wwn": ""
              }
            ],
            "emulator": "/usr/bin/qemu-system-x86_64",
            "filesystem": [],
            "firmware": "",
            "fw_cfg_name": "opt/com.coreos/config",
            "graphics": [
              {
                "autoport": true,
                "listen_address": "127.0.0.1",
                "listen_type": "address",
                "type": "vnc"
              }
            ],
            "id": "2a1ea2ef-c4cd-46e9-90f3-7c80f9be2c83",
            "initrd": "",
            "kernel": "",
            "machine": "ubuntu",
            "memory": 2048,
            "metadata": null,
            "name": "kube-master-0",
            "network_interface": [
              {
                "addresses": [
                  "10.17.3.10"
                ],
                "bridge": "",
                "hostname": "kube-master-0",
                "mac": "52:54:00:92:A3:49",
                "macvtap": "",
                "network_id": "2d4df511-f546-4add-bf29-b41d499f26c5",
                "network_name": "kubenet",
                "passthrough": "",
                "vepa": "",
                "wait_for_lease": true
              }
            ],
            "nvram": [],
            "qemu_agent": false,
            "running": true,
            "timeouts": null,
            "vcpu": 2,
            "video": [],
            "xml": []
          },
          "sensitive_attributes": [],
          "private": "eyJlMmJmYjczMC1lY2FhLTExZTYtOGY4OC0zNDM2M2JjN2M0YzAiOnsiY3JlYXRlIjozMDAwMDAwMDAwMDB9fQ==",
          "dependencies": [
            "data.template_file.network_config",
            "data.template_file.user_data",
            "libvirt_cloudinit_disk.cloud_init",
            "libvirt_network.kube_network",
            "libvirt_pool.kube_pool",
            "libvirt_volume.kube_disk",
            "libvirt_volume.os_image",
            "random_password.instance_password"
          ]
        },
        {
          "index_key": "kube-master-1",
          "schema_version": 0,
          "attributes": {
            "arch": "x86_64",
            "autostart": true,
            "boot_device": [],
            "cloudinit": "/home/slimbook/kube_pool/cloud-init-kube-master-1.iso;d4c868fa-e8a7-4e74-943c-c25e22d10c40",
            "cmdline": null,
            "console": [
              {
                "source_host": "127.0.0.1",
                "source_path": "",
                "source_service": "0",
                "target_port": "0",
                "target_type": "serial",
                "type": "pty"
              },
              {
                "source_host": "127.0.0.1",
                "source_path": "",
                "source_service": "0",
                "target_port": "1",
                "target_type": "virtio",
                "type": "pty"
              }
            ],
            "coreos_ignition": null,
            "cpu": [],
            "description": "",
            "disk": [
              {
                "block_device": "",
                "file": "",
                "scsi": false,
                "url": "",
                "volume_id": "/home/slimbook/kube_pool/kube-master-1.qcow2",
                "wwn": ""
              }
            ],
            "emulator": "/usr/bin/qemu-system-x86_64",
            "filesystem": [],
            "firmware": "",
            "fw_cfg_name": "opt/com.coreos/config",
            "graphics": [
              {
                "autoport": true,
                "listen_address": "127.0.0.1",
                "listen_type": "address",
                "type": "vnc"
              }
            ],
            "id": "5b80e7cb-f452-4ad3-a0d4-df1ee0a438f1",
            "initrd": "",
            "kernel": "",
            "machine": "ubuntu",
            "memory": 2048,
            "metadata": null,
            "name": "kube-master-1",
            "network_interface": [
              {
                "addresses": [
                  "10.17.3.11"
                ],
                "bridge": "",
                "hostname": "kube-master-1",
                "mac": "52:54:00:DA:34:D1",
                "macvtap": "",
                "network_id": "2d4df511-f546-4add-bf29-b41d499f26c5",
                "network_name": "kubenet",
                "passthrough": "",
                "vepa": "",
                "wait_for_lease": true
              }
            ],
            "nvram": [],
            "qemu_agent": false,
            "running": true,
            "timeouts": null,
            "vcpu": 2,
            "video": [],
            "xml": []
          },
          "sensitive_attributes": [],
          "private": "eyJlMmJmYjczMC1lY2FhLTExZTYtOGY4OC0zNDM2M2JjN2M0YzAiOnsiY3JlYXRlIjozMDAwMDAwMDAwMDB9fQ==",
          "dependencies": [
            "data.template_file.network_config",
            "data.template_file.user_data",
            "libvirt_cloudinit_disk.cloud_init",
            "libvirt_network.kube_network",
            "libvirt_pool.kube_pool",
            "libvirt_volume.kube_disk",
            "libvirt_volume.os_image",
            "random_password.instance_password"
          ]
        },
        {
          "index_key": "kube-worker-0",
          "schema_version": 0,
          "attributes": {
            "arch": "x86_64",
            "autostart": true,
            "boot_device": [],
            "cloudinit": "/home/slimbook/kube_pool/cloud-init-kube-worker-0.iso;9eec8522-da16-446d-b1af-892c851a0853",
            "cmdline": null,
            "console": [
              {
                "source_host": "127.0.0.1",
                "source_path": "",
                "source_service": "0",
                "target_port": "0",
                "target_type": "serial",
                "type": "pty"
              },
              {
                "source_host": "127.0.0.1",
                "source_path": "",
                "source_service": "0",
                "target_port": "1",
                "target_type": "virtio",
                "type": "pty"
              }
            ],
            "coreos_ignition": null,
            "cpu": [],
            "description": "",
            "disk": [
              {
                "block_device": "",
                "file": "",
                "scsi": false,
                "url": "",
                "volume_id": "/home/slimbook/kube_pool/kube-worker-0.qcow2",
                "wwn": ""
              }
            ],
            "emulator": "/usr/bin/qemu-system-x86_64",
            "filesystem": [],
            "firmware": "",
            "fw_cfg_name": "opt/com.coreos/config",
            "graphics": [
              {
                "autoport": true,
                "listen_address": "127.0.0.1",
                "listen_type": "address",
                "type": "vnc"
              }
            ],
            "id": "92486004-5df7-4238-8a8a-77a9b79d29d4",
            "initrd": "",
            "kernel": "",
            "machine": "ubuntu",
            "memory": 2048,
            "metadata": null,
            "name": "kube-worker-0",
            "network_interface": [
              {
                "addresses": [
                  "10.17.3.20"
                ],
                "bridge": "",
                "hostname": "kube-worker-0",
                "mac": "52:54:00:2A:C8:B7",
                "macvtap": "",
                "network_id": "2d4df511-f546-4add-bf29-b41d499f26c5",
                "network_name": "kubenet",
                "passthrough": "",
                "vepa": "",
                "wait_for_lease": true
              }
            ],
            "nvram": [],
            "qemu_agent": false,
            "running": true,
            "timeouts": null,
            "vcpu": 2,
            "video": [],
            "xml": []
          },
          "sensitive_attributes": [],
          "private": "eyJlMmJmYjczMC1lY2FhLTExZTYtOGY4OC0zNDM2M2JjN2M0YzAiOnsiY3JlYXRlIjozMDAwMDAwMDAwMDB9fQ==",
          "dependencies": [
            "data.template_file.network_config",
            "data.template_file.user_data",
            "libvirt_cloudinit_disk.cloud_init",
            "libvirt_network.kube_network",
            "libvirt_pool.kube_pool",
            "libvirt_volume.kube_disk",
            "libvirt_volume.os_image",
            "random_password.instance_password"
          ]
        }
      ]
    },
    {
      "mode": "managed",
      "type": "libvirt_network",
      "name": "kube_network",
      "provider": "provider[\"registry.terraform.io/dmacvicar/libvirt\"]",
      "instances": [
        {
          "schema_version": 0,
          "attributes": {
            "addresses": [
              "10.17.3.0/24"
            ],
            "autostart": null,
            "bridge": "virbr0",
            "dhcp": [
              {
                "enabled": true
              }
            ],
            "dns": [
              {
                "enabled": true,
                "forwarders": [],
                "hosts": [],
                "local_only": false,
                "srvs": []
              }
            ],
            "dnsmasq_options": [],
            "domain": "k8s.local",
            "id": "2d4df511-f546-4add-bf29-b41d499f26c5",
            "mode": "nat",
            "mtu": null,
            "name": "kubenet",
            "routes": [],
            "xml": []
          },
          "sensitive_attributes": [],
          "private": "bnVsbA=="
        }
      ]
    },
    {
      "mode": "managed",
      "type": "libvirt_pool",
      "name": "kube_pool",
      "provider": "provider[\"registry.terraform.io/dmacvicar/libvirt\"]",
      "instances": [
        {
          "schema_version": 0,
          "attributes": {
            "allocation": 10813222912,
            "available": null,
            "capacity": 250438021120,
            "id": "1d702095-c964-4fea-9319-df074548070c",
            "name": "kube_pool",
            "path": "/home/slimbook/kube_pool",
            "type": "dir",
            "xml": []
          },
          "sensitive_attributes": [],
          "private": "bnVsbA=="
        }
      ]
    },
    {
      "mode": "managed",
      "type": "libvirt_volume",
      "name": "kube_disk",
      "provider": "provider[\"registry.terraform.io/dmacvicar/libvirt\"]",
      "instances": [
        {
          "index_key": "kube-master-0",
          "schema_version": 0,
          "attributes": {
            "base_volume_id": "/home/slimbook/kube_pool/ubuntu-hirsute.qcow2",
            "base_volume_name": null,
            "base_volume_pool": null,
            "format": "qcow2",
            "id": "/home/slimbook/kube_pool/kube-master-0.qcow2",
            "name": "kube-master-0.qcow2",
            "pool": "kube_pool",
            "size": 10000000000,
            "source": null,
            "xml": []
          },
          "sensitive_attributes": [],
          "private": "bnVsbA==",
          "dependencies": [
            "libvirt_pool.kube_pool",
            "libvirt_volume.os_image"
          ]
        },
        {
          "index_key": "kube-master-1",
          "schema_version": 0,
          "attributes": {
            "base_volume_id": "/home/slimbook/kube_pool/ubuntu-hirsute.qcow2",
            "base_volume_name": null,
            "base_volume_pool": null,
            "format": "qcow2",
            "id": "/home/slimbook/kube_pool/kube-master-1.qcow2",
            "name": "kube-master-1.qcow2",
            "pool": "kube_pool",
            "size": 10000000000,
            "source": null,
            "xml": []
          },
          "sensitive_attributes": [],
          "private": "bnVsbA==",
          "dependencies": [
            "libvirt_pool.kube_pool",
            "libvirt_volume.os_image"
          ]
        },
        {
          "index_key": "kube-worker-0",
          "schema_version": 0,
          "attributes": {
            "base_volume_id": "/home/slimbook/kube_pool/ubuntu-hirsute.qcow2",
            "base_volume_name": null,
            "base_volume_pool": null,
            "format": "qcow2",
            "id": "/home/slimbook/kube_pool/kube-worker-0.qcow2",
            "name": "kube-worker-0.qcow2",
            "pool": "kube_pool",
            "size": 10000000000,
            "source": null,
            "xml": []
          },
          "sensitive_attributes": [],
          "private": "bnVsbA==",
          "dependencies": [
            "libvirt_pool.kube_pool",
            "libvirt_volume.os_image"
          ]
        }
      ]
    },
    {
      "mode": "managed",
      "type": "libvirt_volume",
      "name": "os_image",
      "provider": "provider[\"registry.terraform.io/dmacvicar/libvirt\"]",
      "instances": [
        {
          "schema_version": 0,
          "attributes": {
            "base_volume_id": null,
            "base_volume_name": null,
            "base_volume_pool": null,
            "format": "qcow2",
            "id": "/home/slimbook/kube_pool/ubuntu-hirsute.qcow2",
            "name": "ubuntu-hirsute.qcow2",
            "pool": "kube_pool",
            "size": 2361393152,
            "source": "https://cloud-images.ubuntu.com/releases/hirsute/release/ubuntu-21.04-server-cloudimg-amd64.img",
            "xml": []
          },
          "sensitive_attributes": [],
          "private": "bnVsbA==",
          "dependencies": [
            "libvirt_pool.kube_pool"
          ]
        }
      ]
    },
    {
      "mode": "managed",
      "type": "random_password",
      "name": "instance_password",
      "provider": "provider[\"registry.terraform.io/hashicorp/random\"]",
      "instances": [
        {
          "index_key": "kube-master-0",
          "schema_version": 0,
          "attributes": {
            "id": "none",
            "keepers": null,
            "length": 16,
            "lower": true,
            "min_lower": 0,
            "min_numeric": 0,
            "min_special": 0,
            "min_upper": 0,
            "number": true,
            "override_special": "_%@",
            "result": "yZQjf3XZXLsN4Oo1",
            "special": false,
            "upper": true
          },
          "sensitive_attributes": [],
          "private": "bnVsbA=="
        },
        {
          "index_key": "kube-master-1",
          "schema_version": 0,
          "attributes": {
            "id": "none",
            "keepers": null,
            "length": 16,
            "lower": true,
            "min_lower": 0,
            "min_numeric": 0,
            "min_special": 0,
            "min_upper": 0,
            "number": true,
            "override_special": "_%@",
            "result": "6YLfbGCQuWu6aoK7",
            "special": false,
            "upper": true
          },
          "sensitive_attributes": [],
          "private": "bnVsbA=="
        },
        {
          "index_key": "kube-worker-0",
          "schema_version": 0,
          "attributes": {
            "id": "none",
            "keepers": null,
            "length": 16,
            "lower": true,
            "min_lower": 0,
            "min_numeric": 0,
            "min_special": 0,
            "min_upper": 0,
            "number": true,
            "override_special": "_%@",
            "result": "xu2o2Q8D5nQZBXA4",
            "special": false,
            "upper": true
          },
          "sensitive_attributes": [],
          "private": "bnVsbA=="
        }
      ]
    }
  ]
}
